
Microsoft Visual Studio Solution File, Format Version 12.00
# Visual Studio Version 17
VisualStudioVersion = 17.2.32519.379
MinimumVisualStudioVersion = 10.0.40219.1
Project("{FAE04EC0-301F-11D3-BF4B-00C04F79EFBC}") = "SuperHeroAPI", "SuperHeroAPI\SuperHeroAPI.csproj", "{B4DBA02E-8FE2-494E-9F60-3E52C535B310}"
EndProject
Global
	GlobalSection(SolutionConfigurationPlatforms) = preSolution
		Debug|Any CPU = Debug|Any CPU
		Release|Any CPU = Release|Any CPU
	EndGlobalSection
	GlobalSection(ProjectConfigurationPlatforms) = postSolution
		{B4DBA02E-8FE2-494E-9F60-3E52C535B310}.Debug|Any CPU.ActiveCfg = Debug|Any CPU
		{B4DBA02E-8FE2-494E-9F60-3E52C535B310}.Debug|Any CPU.Build.0 = Debug|Any CPU
		{B4DBA02E-8FE2-494E-9F60-3E52C535B310}.Release|Any CPU.ActiveCfg = Release|Any CPU
		{B4DBA02E-8FE2-494E-9F60-3E52C535B310}.Release|Any CPU.Build.0 = Release|Any CPU
	EndGlobalSection
	GlobalSection(SolutionProperties) = preSolution
		HideSolutionNode = FALSE
	EndGlobalSection
	GlobalSection(ExtensibilityGlobals) = postSolution
		SolutionGuid = {544DB6E9-1973-4197-A066-D882B1D26A39}
	EndGlobalSection
EndGlobal
